
Microsoft Visual Studio Solution File, Format Version 12.00
# Visual Studio 15
VisualStudioVersion = 15.0.27130.2027
MinimumVisualStudioVersion = 10.0.40219.1
Project("{FAE04EC0-301F-11D3-BF4B-00C04F79EFBC}") = "Lab4 Andres Sebastian Gálvez Arriaza", "Lab4 Andres Sebastian Gálvez Arriaza\Lab4 Andres Sebastian Gálvez Arriaza.csproj", "{C13D6220-F41F-4CFB-B7F8-F65DC418FF02}"
EndProject
Global
	GlobalSection(SolutionConfigurationPlatforms) = preSolution
		Debug|Any CPU = Debug|Any CPU
		Release|Any CPU = Release|Any CPU
	EndGlobalSection
	GlobalSection(ProjectConfigurationPlatforms) = postSolution
		{C13D6220-F41F-4CFB-B7F8-F65DC418FF02}.Debug|Any CPU.ActiveCfg = Debug|Any CPU
		{C13D6220-F41F-4CFB-B7F8-F65DC418FF02}.Debug|Any CPU.Build.0 = Debug|Any CPU
		{C13D6220-F41F-4CFB-B7F8-F65DC418FF02}.Release|Any CPU.ActiveCfg = Release|Any CPU
		{C13D6220-F41F-4CFB-B7F8-F65DC418FF02}.Release|Any CPU.Build.0 = Release|Any CPU
	EndGlobalSection
	GlobalSection(SolutionProperties) = preSolution
		HideSolutionNode = FALSE
	EndGlobalSection
	GlobalSection(ExtensibilityGlobals) = postSolution
		SolutionGuid = {E7DCA193-99DD-4469-9BD4-16CB1C5403A6}
	EndGlobalSection
EndGlobal
