
Microsoft Visual Studio Solution File, Format Version 12.00
# Visual Studio 15
VisualStudioVersion = 15.0.27130.2027
MinimumVisualStudioVersion = 10.0.40219.1
Project("{FAE04EC0-301F-11D3-BF4B-00C04F79EFBC}") = "Lab6_Andres Sebastian Gálvez Arriaza_1024718", "Lab6_Andres Sebastian Gálvez Arriaza_1024718\Lab6_Andres Sebastian Gálvez Arriaza_1024718.csproj", "{BBDDA7F6-D5D5-4974-8652-03B92FA6E12C}"
EndProject
Global
	GlobalSection(SolutionConfigurationPlatforms) = preSolution
		Debug|Any CPU = Debug|Any CPU
		Release|Any CPU = Release|Any CPU
	EndGlobalSection
	GlobalSection(ProjectConfigurationPlatforms) = postSolution
		{BBDDA7F6-D5D5-4974-8652-03B92FA6E12C}.Debug|Any CPU.ActiveCfg = Debug|Any CPU
		{BBDDA7F6-D5D5-4974-8652-03B92FA6E12C}.Debug|Any CPU.Build.0 = Debug|Any CPU
		{BBDDA7F6-D5D5-4974-8652-03B92FA6E12C}.Release|Any CPU.ActiveCfg = Release|Any CPU
		{BBDDA7F6-D5D5-4974-8652-03B92FA6E12C}.Release|Any CPU.Build.0 = Release|Any CPU
	EndGlobalSection
	GlobalSection(SolutionProperties) = preSolution
		HideSolutionNode = FALSE
	EndGlobalSection
	GlobalSection(ExtensibilityGlobals) = postSolution
		SolutionGuid = {2DF97DAA-3755-49C3-9F9A-2C692D9FCB07}
	EndGlobalSection
EndGlobal
